
Microsoft Visual Studio Solution File, Format Version 12.00
# Visual Studio Version 16
VisualStudioVersion = 16.0.30804.86
MinimumVisualStudioVersion = 10.0.40219.1
Project("{FAE04EC0-301F-11D3-BF4B-00C04F79EFBC}") = "Programa GO DEV SÊNIOR (3 Etapa - Desafio De Programação)", "Programa GO DEV SÊNIOR (3 Etapa - Desafio De Programação)\Programa GO DEV SÊNIOR (3 Etapa - Desafio De Programação).csproj", "{89CD13CC-DBCE-47A1-BE14-E5E9BC991CE0}"
EndProject
Global
	GlobalSection(SolutionConfigurationPlatforms) = preSolution
		Debug|Any CPU = Debug|Any CPU
		Release|Any CPU = Release|Any CPU
	EndGlobalSection
	GlobalSection(ProjectConfigurationPlatforms) = postSolution
		{89CD13CC-DBCE-47A1-BE14-E5E9BC991CE0}.Debug|Any CPU.ActiveCfg = Debug|Any CPU
		{89CD13CC-DBCE-47A1-BE14-E5E9BC991CE0}.Debug|Any CPU.Build.0 = Debug|Any CPU
		{89CD13CC-DBCE-47A1-BE14-E5E9BC991CE0}.Release|Any CPU.ActiveCfg = Release|Any CPU
		{89CD13CC-DBCE-47A1-BE14-E5E9BC991CE0}.Release|Any CPU.Build.0 = Release|Any CPU
	EndGlobalSection
	GlobalSection(SolutionProperties) = preSolution
		HideSolutionNode = FALSE
	EndGlobalSection
	GlobalSection(ExtensibilityGlobals) = postSolution
		SolutionGuid = {A17CFD01-B541-4B4F-A132-193BF1EB4755}
	EndGlobalSection
EndGlobal
